
Microsoft Visual Studio Solution File, Format Version 12.00
# Visual Studio 2017
Project("{FAE04EC0-301F-11D3-BF4B-00C04F79EFBC}") = "WarpDogVR", "WarpDogVR.csproj", "{617B2F31-BDFD-BC63-2960-5770A894B3EE}"
EndProject
Project("{FAE04EC0-301F-11D3-BF4B-00C04F79EFBC}") = "WarpDogVR.Editor", "WarpDogVR.Editor.csproj", "{AC2050DE-42C3-48E3-45A0-9C6BA4CCFC96}"
EndProject
Global
	GlobalSection(SolutionConfigurationPlatforms) = preSolution
		Debug|Any CPU = Debug|Any CPU
		Release|Any CPU = Release|Any CPU
	EndGlobalSection
	GlobalSection(ProjectConfigurationPlatforms) = postSolution
		{617B2F31-BDFD-BC63-2960-5770A894B3EE}.Debug|Any CPU.ActiveCfg = Debug|Any CPU
		{617B2F31-BDFD-BC63-2960-5770A894B3EE}.Debug|Any CPU.Build.0 = Debug|Any CPU
		{617B2F31-BDFD-BC63-2960-5770A894B3EE}.Release|Any CPU.ActiveCfg = Release|Any CPU
		{617B2F31-BDFD-BC63-2960-5770A894B3EE}.Release|Any CPU.Build.0 = Release|Any CPU
		{AC2050DE-42C3-48E3-45A0-9C6BA4CCFC96}.Debug|Any CPU.ActiveCfg = Debug|Any CPU
		{AC2050DE-42C3-48E3-45A0-9C6BA4CCFC96}.Debug|Any CPU.Build.0 = Debug|Any CPU
		{AC2050DE-42C3-48E3-45A0-9C6BA4CCFC96}.Release|Any CPU.ActiveCfg = Release|Any CPU
		{AC2050DE-42C3-48E3-45A0-9C6BA4CCFC96}.Release|Any CPU.Build.0 = Release|Any CPU
	EndGlobalSection
	GlobalSection(SolutionProperties) = preSolution
		HideSolutionNode = FALSE
	EndGlobalSection
EndGlobal
